
Microsoft Visual Studio Solution File, Format Version 12.00
# Visual Studio Version 17
VisualStudioVersion = 17.14.36221.1 d17.14
MinimumVisualStudioVersion = 10.0.40219.1
Project("{FAE04EC0-301F-11D3-BF4B-00C04F79EFBC}") = "app-backend", "app-backend.csproj", "{39B0F98A-CF94-4326-8DF3-3E203D8860EA}"
EndProject
Global
	GlobalSection(SolutionConfigurationPlatforms) = preSolution
		Debug|Any CPU = Debug|Any CPU
		Release|Any CPU = Release|Any CPU
	EndGlobalSection
	GlobalSection(ProjectConfigurationPlatforms) = postSolution
		{39B0F98A-CF94-4326-8DF3-3E203D8860EA}.Debug|Any CPU.ActiveCfg = Debug|Any CPU
		{39B0F98A-CF94-4326-8DF3-3E203D8860EA}.Debug|Any CPU.Build.0 = Debug|Any CPU
		{39B0F98A-CF94-4326-8DF3-3E203D8860EA}.Release|Any CPU.ActiveCfg = Release|Any CPU
		{39B0F98A-CF94-4326-8DF3-3E203D8860EA}.Release|Any CPU.Build.0 = Release|Any CPU
	EndGlobalSection
	GlobalSection(SolutionProperties) = preSolution
		HideSolutionNode = FALSE
	EndGlobalSection
	GlobalSection(ExtensibilityGlobals) = postSolution
		SolutionGuid = {6E088B3C-B449-4D0F-AD92-6D44AD6EA1F6}
	EndGlobalSection
EndGlobal
